// !$*UTF8*$!
{
	archiveVersion = 1;
	classes = {
	};
	objectVersion = 56;
	objects = {

/* Begin PBXBuildFile section */
		DC73658C2A5B44A90030A5DF /* LogsFlow.swift in Sources */ = {isa = PBXBuildFile; fileRef = DC73658B2A5B44A90030A5DF /* LogsFlow.swift */; };
		DC73658F2A5B52F40030A5DF /* CategoryCollectionViewCell.swift in Sources */ = {isa = PBXBuildFile; fileRef = DC73658E2A5B52F40030A5DF /* CategoryCollectionViewCell.swift */; };
		DC7365922A5EDBE20030A5DF /* EditExpenseLogFlow.swift in Sources */ = {isa = PBXBuildFile; fileRef = DC7365912A5EDBE20030A5DF /* EditExpenseLogFlow.swift */; };
		DCC5B64A2A5B32FB0087B9E0 /* AppDelegate.swift in Sources */ = {isa = PBXBuildFile; fileRef = DCC5B6492A5B32FB0087B9E0 /* AppDelegate.swift */; };
		DCC5B64C2A5B32FB0087B9E0 /* SceneDelegate.swift in Sources */ = {isa = PBXBuildFile; fileRef = DCC5B64B2A5B32FB0087B9E0 /* SceneDelegate.swift */; };
		DCC5B64E2A5B32FB0087B9E0 /* ViewController.swift in Sources */ = {isa = PBXBuildFile; fileRef = DCC5B64D2A5B32FB0087B9E0 /* ViewController.swift */; };
		DCC5B6512A5B32FB0087B9E0 /* Main.storyboard in Resources */ = {isa = PBXBuildFile; fileRef = DCC5B64F2A5B32FB0087B9E0 /* Main.storyboard */; };
		DCC5B6542A5B32FB0087B9E0 /* ExpenseTracker.xcdatamodeld in Sources */ = {isa = PBXBuildFile; fileRef = DCC5B6522A5B32FB0087B9E0 /* ExpenseTracker.xcdatamodeld */; };
		DCC5B6562A5B32FC0087B9E0 /* Assets.xcassets in Resources */ = {isa = PBXBuildFile; fileRef = DCC5B6552A5B32FC0087B9E0 /* Assets.xcassets */; };
		DCC5B6592A5B32FC0087B9E0 /* LaunchScreen.storyboard in Resources */ = {isa = PBXBuildFile; fileRef = DCC5B6572A5B32FC0087B9E0 /* LaunchScreen.storyboard */; };
		DCC5B6642A5B32FC0087B9E0 /* ExpenseTrackerTests.swift in Sources */ = {isa = PBXBuildFile; fileRef = DCC5B6632A5B32FC0087B9E0 /* ExpenseTrackerTests.swift */; };
		DCC5B66E2A5B32FC0087B9E0 /* ExpenseTrackerUITests.swift in Sources */ = {isa = PBXBuildFile; fileRef = DCC5B66D2A5B32FC0087B9E0 /* ExpenseTrackerUITests.swift */; };
		DCC5B6702A5B32FC0087B9E0 /* ExpenseTrackerUITestsLaunchTests.swift in Sources */ = {isa = PBXBuildFile; fileRef = DCC5B66F2A5B32FC0087B9E0 /* ExpenseTrackerUITestsLaunchTests.swift */; };
/* End PBXBuildFile section */

/* Begin PBXContainerItemProxy section */
		DCC5B6602A5B32FC0087B9E0 /* PBXContainerItemProxy */ = {
			isa = PBXContainerItemProxy;
			containerPortal = DCC5B63E2A5B32FB0087B9E0 /* Project object */;
			proxyType = 1;
			remoteGlobalIDString = DCC5B6452A5B32FB0087B9E0;
			remoteInfo = ExpenseTracker;
		};
		DCC5B66A2A5B32FC0087B9E0 /* PBXContainerItemProxy */ = {
			isa = PBXContainerItemProxy;
			containerPortal = DCC5B63E2A5B32FB0087B9E0 /* Project object */;
			proxyType = 1;
			remoteGlobalIDString = DCC5B6452A5B32FB0087B9E0;
			remoteInfo = ExpenseTracker;
		};
/* End PBXContainerItemProxy section */

/* Begin PBXFileReference section */
		DC73658B2A5B44A90030A5DF /* LogsFlow.swift */ = {isa = PBXFileReference; lastKnownFileType = sourcecode.swift; path = LogsFlow.swift; sourceTree = "<group>"; };
		DC73658E2A5B52F40030A5DF /* CategoryCollectionViewCell.swift */ = {isa = PBXFileReference; lastKnownFileType = sourcecode.swift; path = CategoryCollectionViewCell.swift; sourceTree = "<group>"; };
		DC7365912A5EDBE20030A5DF /* EditExpenseLogFlow.swift */ = {isa = PBXFileReference; lastKnownFileType = sourcecode.swift; path = EditExpenseLogFlow.swift; sourceTree = "<group>"; };
		DCC5B6462A5B32FB0087B9E0 /* ExpenseTracker.app */ = {isa = PBXFileReference; explicitFileType = wrapper.application; includeInIndex = 0; path = ExpenseTracker.app; sourceTree = BUILT_PRODUCTS_DIR; };
		DCC5B6492A5B32FB0087B9E0 /* AppDelegate.swift */ = {isa = PBXFileReference; lastKnownFileType = sourcecode.swift; path = AppDelegate.swift; sourceTree = "<group>"; };
		DCC5B64B2A5B32FB0087B9E0 /* SceneDelegate.swift */ = {isa = PBXFileReference; lastKnownFileType = sourcecode.swift; path = SceneDelegate.swift; sourceTree = "<group>"; };
		DCC5B64D2A5B32FB0087B9E0 /* ViewController.swift */ = {isa = PBXFileReference; lastKnownFileType = sourcecode.swift; path = ViewController.swift; sourceTree = "<group>"; };
		DCC5B6502A5B32FB0087B9E0 /* Base */ = {isa = PBXFileReference; lastKnownFileType = file.storyboard; name = Base; path = Base.lproj/Main.storyboard; sourceTree = "<group>"; };
		DCC5B6532A5B32FB0087B9E0 /* ExpenseTracker.xcdatamodel */ = {isa = PBXFileReference; lastKnownFileType = wrapper.xcdatamodel; path = ExpenseTracker.xcdatamodel; sourceTree = "<group>"; };
		DCC5B6552A5B32FC0087B9E0 /* Assets.xcassets */ = {isa = PBXFileReference; lastKnownFileType = folder.assetcatalog; path = Assets.xcassets; sourceTree = "<group>"; };
		DCC5B6582A5B32FC0087B9E0 /* Base */ = {isa = PBXFileReference; lastKnownFileType = file.storyboard; name = Base; path = Base.lproj/LaunchScreen.storyboard; sourceTree = "<group>"; };
		DCC5B65A2A5B32FC0087B9E0 /* Info.plist */ = {isa = PBXFileReference; lastKnownFileType = text.plist.xml; path = Info.plist; sourceTree = "<group>"; };
		DCC5B65F2A5B32FC0087B9E0 /* ExpenseTrackerTests.xctest */ = {isa = PBXFileReference; explicitFileType = wrapper.cfbundle; includeInIndex = 0; path = ExpenseTrackerTests.xctest; sourceTree = BUILT_PRODUCTS_DIR; };
		DCC5B6632A5B32FC0087B9E0 /* ExpenseTrackerTests.swift */ = {isa = PBXFileReference; lastKnownFileType = sourcecode.swift; path = ExpenseTrackerTests.swift; sourceTree = "<group>"; };
		DCC5B6692A5B32FC0087B9E0 /* ExpenseTrackerUITests.xctest */ = {isa = PBXFileReference; explicitFileType = wrapper.cfbundle; includeInIndex = 0; path = ExpenseTrackerUITests.xctest; sourceTree = BUILT_PRODUCTS_DIR; };
		DCC5B66D2A5B32FC0087B9E0 /* ExpenseTrackerUITests.swift */ = {isa = PBXFileReference; lastKnownFileType = sourcecode.swift; path = ExpenseTrackerUITests.swift; sourceTree = "<group>"; };
		DCC5B66F2A5B32FC0087B9E0 /* ExpenseTrackerUITestsLaunchTests.swift */ = {isa = PBXFileReference; lastKnownFileType = sourcecode.swift; path = ExpenseTrackerUITestsLaunchTests.swift; sourceTree = "<group>"; };
/* End PBXFileReference section */

/* Begin PBXFrameworksBuildPhase section */
		DCC5B6432A5B32FB0087B9E0 /* Frameworks */ = {
			isa = PBXFrameworksBuildPhase;
			buildActionMask = 2147483647;
			files = (
			);
			runOnlyForDeploymentPostprocessing = 0;
		};
		DCC5B65C2A5B32FC0087B9E0 /* Frameworks */ = {
			isa = PBXFrameworksBuildPhase;
			buildActionMask = 2147483647;
			files = (
			);
			runOnlyForDeploymentPostprocessing = 0;
		};
		DCC5B6662A5B32FC0087B9E0 /* Frameworks */ = {
			isa = PBXFrameworksBuildPhase;
			buildActionMask = 2147483647;
			files = (
			);
			runOnlyForDeploymentPostprocessing = 0;
		};
/* End PBXFrameworksBuildPhase section */

/* Begin PBXGroup section */
		DC7365862A5B34310030A5DF /* View */ = {
			isa = PBXGroup;
			children = (
				DC7365872A5B34440030A5DF /* DashboardFlow */,
				DC73658A2A5B37D10030A5DF /* LogsFlow */,
				DC7365902A5EDB930030A5DF /* EditExpenseLogFlow */,
			);
			path = View;
			sourceTree = "<group>";
		};
		DC7365872A5B34440030A5DF /* DashboardFlow */ = {
			isa = PBXGroup;
			children = (
				DCC5B64D2A5B32FB0087B9E0 /* ViewController.swift */,
				DCC5B64F2A5B32FB0087B9E0 /* Main.storyboard */,
			);
			path = DashboardFlow;
			sourceTree = "<group>";
		};
		DC7365882A5B345D0030A5DF /* Other */ = {
			isa = PBXGroup;
			children = (
				DCC5B6492A5B32FB0087B9E0 /* AppDelegate.swift */,
				DCC5B64B2A5B32FB0087B9E0 /* SceneDelegate.swift */,
				DCC5B6552A5B32FC0087B9E0 /* Assets.xcassets */,
				DCC5B6572A5B32FC0087B9E0 /* LaunchScreen.storyboard */,
			);
			path = Other;
			sourceTree = "<group>";
		};
		DC73658A2A5B37D10030A5DF /* LogsFlow */ = {
			isa = PBXGroup;
			children = (
				DC73658D2A5B52B00030A5DF /* CollectionViewCell */,
				DC73658B2A5B44A90030A5DF /* LogsFlow.swift */,
			);
			path = LogsFlow;
			sourceTree = "<group>";
		};
		DC73658D2A5B52B00030A5DF /* CollectionViewCell */ = {
			isa = PBXGroup;
			children = (
				DC73658E2A5B52F40030A5DF /* CategoryCollectionViewCell.swift */,
			);
			path = CollectionViewCell;
			sourceTree = "<group>";
		};
		DC7365902A5EDB930030A5DF /* EditExpenseLogFlow */ = {
			isa = PBXGroup;
			children = (
				DC7365912A5EDBE20030A5DF /* EditExpenseLogFlow.swift */,
			);
			path = EditExpenseLogFlow;
			sourceTree = "<group>";
		};
		DCC5B63D2A5B32FB0087B9E0 = {
			isa = PBXGroup;
			children = (
				DCC5B6482A5B32FB0087B9E0 /* ExpenseTracker */,
				DCC5B6622A5B32FC0087B9E0 /* ExpenseTrackerTests */,
				DCC5B66C2A5B32FC0087B9E0 /* ExpenseTrackerUITests */,
				DCC5B6472A5B32FB0087B9E0 /* Products */,
			);
			sourceTree = "<group>";
		};
		DCC5B6472A5B32FB0087B9E0 /* Products */ = {
			isa = PBXGroup;
			children = (
				DCC5B6462A5B32FB0087B9E0 /* ExpenseTracker.app */,
				DCC5B65F2A5B32FC0087B9E0 /* ExpenseTrackerTests.xctest */,
				DCC5B6692A5B32FC0087B9E0 /* ExpenseTrackerUITests.xctest */,
			);
			name = Products;
			sourceTree = "<group>";
		};
		DCC5B6482A5B32FB0087B9E0 /* ExpenseTracker */ = {
			isa = PBXGroup;
			children = (
				DC7365862A5B34310030A5DF /* View */,
				DC7365882A5B345D0030A5DF /* Other */,
				DCC5B65A2A5B32FC0087B9E0 /* Info.plist */,
				DCC5B6522A5B32FB0087B9E0 /* ExpenseTracker.xcdatamodeld */,
			);
			path = ExpenseTracker;
			sourceTree = "<group>";
		};
		DCC5B6622A5B32FC0087B9E0 /* ExpenseTrackerTests */ = {
			isa = PBXGroup;
			children = (
				DCC5B6632A5B32FC0087B9E0 /* ExpenseTrackerTests.swift */,
			);
			path = ExpenseTrackerTests;
			sourceTree = "<group>";
		};
		DCC5B66C2A5B32FC0087B9E0 /* ExpenseTrackerUITests */ = {
			isa = PBXGroup;
			children = (
				DCC5B66D2A5B32FC0087B9E0 /* ExpenseTrackerUITests.swift */,
				DCC5B66F2A5B32FC0087B9E0 /* ExpenseTrackerUITestsLaunchTests.swift */,
			);
			path = ExpenseTrackerUITests;
			sourceTree = "<group>";
		};
/* End PBXGroup section */

/* Begin PBXNativeTarget section */
		DCC5B6452A5B32FB0087B9E0 /* ExpenseTracker */ = {
			isa = PBXNativeTarget;
			buildConfigurationList = DCC5B6732A5B32FC0087B9E0 /* Build configuration list for PBXNativeTarget "ExpenseTracker" */;
			buildPhases = (
				DCC5B6422A5B32FB0087B9E0 /* Sources */,
				DCC5B6432A5B32FB0087B9E0 /* Frameworks */,
				DCC5B6442A5B32FB0087B9E0 /* Resources */,
			);
			buildRules = (
			);
			dependencies = (
			);
			name = ExpenseTracker;
			productName = ExpenseTracker;
			productReference = DCC5B6462A5B32FB0087B9E0 /* ExpenseTracker.app */;
			productType = "com.apple.product-type.application";
		};
		DCC5B65E2A5B32FC0087B9E0 /* ExpenseTrackerTests */ = {
			isa = PBXNativeTarget;
			buildConfigurationList = DCC5B6762A5B32FC0087B9E0 /* Build configuration list for PBXNativeTarget "ExpenseTrackerTests" */;
			buildPhases = (
				DCC5B65B2A5B32FC0087B9E0 /* Sources */,
				DCC5B65C2A5B32FC0087B9E0 /* Frameworks */,
				DCC5B65D2A5B32FC0087B9E0 /* Resources */,
			);
			buildRules = (
			);
			dependencies = (
				DCC5B6612A5B32FC0087B9E0 /* PBXTargetDependency */,
			);
			name = ExpenseTrackerTests;
			productName = ExpenseTrackerTests;
			productReference = DCC5B65F2A5B32FC0087B9E0 /* ExpenseTrackerTests.xctest */;
			productType = "com.apple.product-type.bundle.unit-test";
		};
		DCC5B6682A5B32FC0087B9E0 /* ExpenseTrackerUITests */ = {
			isa = PBXNativeTarget;
			buildConfigurationList = DCC5B6792A5B32FC0087B9E0 /* Build configuration list for PBXNativeTarget "ExpenseTrackerUITests" */;
			buildPhases = (
				DCC5B6652A5B32FC0087B9E0 /* Sources */,
				DCC5B6662A5B32FC0087B9E0 /* Frameworks */,
				DCC5B6672A5B32FC0087B9E0 /* Resources */,
			);
			buildRules = (
			);
			dependencies = (
				DCC5B66B2A5B32FC0087B9E0 /* PBXTargetDependency */,
			);
			name = ExpenseTrackerUITests;
			productName = ExpenseTrackerUITests;
			productReference = DCC5B6692A5B32FC0087B9E0 /* ExpenseTrackerUITests.xctest */;
			productType = "com.apple.product-type.bundle.ui-testing";
		};
/* End PBXNativeTarget section */

/* Begin PBXProject section */
		DCC5B63E2A5B32FB0087B9E0 /* Project object */ = {
			isa = PBXProject;
			attributes = {
				BuildIndependentTargetsInParallel = 1;
				LastSwiftUpdateCheck = 1430;
				LastUpgradeCheck = 1430;
				TargetAttributes = {
					DCC5B6452A5B32FB0087B9E0 = {
						CreatedOnToolsVersion = 14.3.1;
					};
					DCC5B65E2A5B32FC0087B9E0 = {
						CreatedOnToolsVersion = 14.3.1;
						TestTargetID = DCC5B6452A5B32FB0087B9E0;
					};
					DCC5B6682A5B32FC0087B9E0 = {
						CreatedOnToolsVersion = 14.3.1;
						TestTargetID = DCC5B6452A5B32FB0087B9E0;
					};
				};
			};
			buildConfigurationList = DCC5B6412A5B32FB0087B9E0 /* Build configuration list for PBXProject "ExpenseTracker" */;
			compatibilityVersion = "Xcode 14.0";
			developmentRegion = en;
			hasScannedForEncodings = 0;
			knownRegions = (
				en,
				Base,
			);
			mainGroup = DCC5B63D2A5B32FB0087B9E0;
			productRefGroup = DCC5B6472A5B32FB0087B9E0 /* Products */;
			projectDirPath = "";
			projectRoot = "";
			targets = (
				DCC5B6452A5B32FB0087B9E0 /* ExpenseTracker */,
				DCC5B65E2A5B32FC0087B9E0 /* ExpenseTrackerTests */,
				DCC5B6682A5B32FC0087B9E0 /* ExpenseTrackerUITests */,
			);
		};
/* End PBXProject section */

/* Begin PBXResourcesBuildPhase section */
		DCC5B6442A5B32FB0087B9E0 /* Resources */ = {
			isa = PBXResourcesBuildPhase;
			buildActionMask = 2147483647;
			files = (
				DCC5B6592A5B32FC0087B9E0 /* LaunchScreen.storyboard in Resources */,
				DCC5B6562A5B32FC0087B9E0 /* Assets.xcassets in Resources */,
				DCC5B6512A5B32FB0087B9E0 /* Main.storyboard in Resources */,
			);
			runOnlyForDeploymentPostprocessing = 0;
		};
		DCC5B65D2A5B32FC0087B9E0 /* Resources */ = {
			isa = PBXResourcesBuildPhase;
			buildActionMask = 2147483647;
			files = (
			);
			runOnlyForDeploymentPostprocessing = 0;
		};
		DCC5B6672A5B32FC0087B9E0 /* Resources */ = {
			isa = PBXResourcesBuildPhase;
			buildActionMask = 2147483647;
			files = (
			);
			runOnlyForDeploymentPostprocessing = 0;
		};
/* End PBXResourcesBuildPhase section */

/* Begin PBXSourcesBuildPhase section */
		DCC5B6422A5B32FB0087B9E0 /* Sources */ = {
			isa = PBXSourcesBuildPhase;
			buildActionMask = 2147483647;
			files = (
				DCC5B64E2A5B32FB0087B9E0 /* ViewController.swift in Sources */,
				DC73658C2A5B44A90030A5DF /* LogsFlow.swift in Sources */,
				DCC5B64A2A5B32FB0087B9E0 /* AppDelegate.swift in Sources */,
				DCC5B64C2A5B32FB0087B9E0 /* SceneDelegate.swift in Sources */,
				DC73658F2A5B52F40030A5DF /* CategoryCollectionViewCell.swift in Sources */,
				DC7365922A5EDBE20030A5DF /* EditExpenseLogFlow.swift in Sources */,
				DCC5B6542A5B32FB0087B9E0 /* ExpenseTracker.xcdatamodeld in Sources */,
			);
			runOnlyForDeploymentPostprocessing = 0;
		};
		DCC5B65B2A5B32FC0087B9E0 /* Sources */ = {
			isa = PBXSourcesBuildPhase;
			buildActionMask = 2147483647;
			files = (
				DCC5B6642A5B32FC0087B9E0 /* ExpenseTrackerTests.swift in Sources */,
			);
			runOnlyForDeploymentPostprocessing = 0;
		};
		DCC5B6652A5B32FC0087B9E0 /* Sources */ = {
			isa = PBXSourcesBuildPhase;
			buildActionMask = 2147483647;
			files = (
				DCC5B6702A5B32FC0087B9E0 /* ExpenseTrackerUITestsLaunchTests.swift in Sources */,
				DCC5B66E2A5B32FC0087B9E0 /* ExpenseTrackerUITests.swift in Sources */,
			);
			runOnlyForDeploymentPostprocessing = 0;
		};
/* End PBXSourcesBuildPhase section */

/* Begin PBXTargetDependency section */
		DCC5B6612A5B32FC0087B9E0 /* PBXTargetDependency */ = {
			isa = PBXTargetDependency;
			target = DCC5B6452A5B32FB0087B9E0 /* ExpenseTracker */;
			targetProxy = DCC5B6602A5B32FC0087B9E0 /* PBXContainerItemProxy */;
		};
		DCC5B66B2A5B32FC0087B9E0 /* PBXTargetDependency */ = {
			isa = PBXTargetDependency;
			target = DCC5B6452A5B32FB0087B9E0 /* ExpenseTracker */;
			targetProxy = DCC5B66A2A5B32FC0087B9E0 /* PBXContainerItemProxy */;
		};
/* End PBXTargetDependency section */

/* Begin PBXVariantGroup section */
		DCC5B64F2A5B32FB0087B9E0 /* Main.storyboard */ = {
			isa = PBXVariantGroup;
			children = (
				DCC5B6502A5B32FB0087B9E0 /* Base */,
			);
			name = Main.storyboard;
			sourceTree = "<group>";
		};
		DCC5B6572A5B32FC0087B9E0 /* LaunchScreen.storyboard */ = {
			isa = PBXVariantGroup;
			children = (
				DCC5B6582A5B32FC0087B9E0 /* Base */,
			);
			name = LaunchScreen.storyboard;
			sourceTree = "<group>";
		};
/* End PBXVariantGroup section */

/* Begin XCBuildConfiguration section */
		DCC5B6712A5B32FC0087B9E0 /* Debug */ = {
			isa = XCBuildConfiguration;
			buildSettings = {
				ALWAYS_SEARCH_USER_PATHS = NO;
				CLANG_ANALYZER_NONNULL = YES;
				CLANG_ANALYZER_NUMBER_OBJECT_CONVERSION = YES_AGGRESSIVE;
				CLANG_CXX_LANGUAGE_STANDARD = "gnu++20";
				CLANG_ENABLE_MODULES = YES;
				CLANG_ENABLE_OBJC_ARC = YES;
				CLANG_ENABLE_OBJC_WEAK = YES;
				CLANG_WARN_BLOCK_CAPTURE_AUTORELEASING = YES;
				CLANG_WARN_BOOL_CONVERSION = YES;
				CLANG_WARN_COMMA = YES;
				CLANG_WARN_CONSTANT_CONVERSION = YES;
				CLANG_WARN_DEPRECATED_OBJC_IMPLEMENTATIONS = YES;
				CLANG_WARN_DIRECT_OBJC_ISA_USAGE = YES_ERROR;
				CLANG_WARN_DOCUMENTATION_COMMENTS = YES;
				CLANG_WARN_EMPTY_BODY = YES;
				CLANG_WARN_ENUM_CONVERSION = YES;
				CLANG_WARN_INFINITE_RECURSION = YES;
				CLANG_WARN_INT_CONVERSION = YES;
				CLANG_WARN_NON_LITERAL_NULL_CONVERSION = YES;
				CLANG_WARN_OBJC_IMPLICIT_RETAIN_SELF = YES;
				CLANG_WARN_OBJC_LITERAL_CONVERSION = YES;
				CLANG_WARN_OBJC_ROOT_CLASS = YES_ERROR;
				CLANG_WARN_QUOTED_INCLUDE_IN_FRAMEWORK_HEADER = YES;
				CLANG_WARN_RANGE_LOOP_ANALYSIS = YES;
				CLANG_WARN_STRICT_PROTOTYPES = YES;
				CLANG_WARN_SUSPICIOUS_MOVE = YES;
				CLANG_WARN_UNGUARDED_AVAILABILITY = YES_AGGRESSIVE;
				CLANG_WARN_UNREACHABLE_CODE = YES;
				CLANG_WARN__DUPLICATE_METHOD_MATCH = YES;
				COPY_PHASE_STRIP = NO;
				DEBUG_INFORMATION_FORMAT = dwarf;
				ENABLE_STRICT_OBJC_MSGSEND = YES;
				ENABLE_TESTABILITY = YES;
				GCC_C_LANGUAGE_STANDARD = gnu11;
				GCC_DYNAMIC_NO_PIC = NO;
				GCC_NO_COMMON_BLOCKS = YES;
				GCC_OPTIMIZATION_LEVEL = 0;
				GCC_PREPROCESSOR_DEFINITIONS = (
					"DEBUG=1",
					"$(inherited)",
				);
				GCC_WARN_64_TO_32_BIT_CONVERSION = YES;
				GCC_WARN_ABOUT_RETURN_TYPE = YES_ERROR;
				GCC_WARN_UNDECLARED_SELECTOR = YES;
				GCC_WARN_UNINITIALIZED_AUTOS = YES_AGGRESSIVE;
				GCC_WARN_UNUSED_FUNCTION = YES;
				GCC_WARN_UNUSED_VARIABLE = YES;
				IPHONEOS_DEPLOYMENT_TARGET = 16.4;
				MTL_ENABLE_DEBUG_INFO = INCLUDE_SOURCE;
				MTL_FAST_MATH = YES;
				ONLY_ACTIVE_ARCH = YES;
				SDKROOT = iphoneos;
				SWIFT_ACTIVE_COMPILATION_CONDITIONS = DEBUG;
				SWIFT_OPTIMIZATION_LEVEL = "-Onone";
			};
			name = Debug;
		};
		DCC5B6722A5B32FC0087B9E0 /* Release */ = {
			isa = XCBuildConfiguration;
			buildSettings = {
				ALWAYS_SEARCH_USER_PATHS = NO;
				CLANG_ANALYZER_NONNULL = YES;
				CLANG_ANALYZER_NUMBER_OBJECT_CONVERSION = YES_AGGRESSIVE;
				CLANG_CXX_LANGUAGE_STANDARD = "gnu++20";
				CLANG_ENABLE_MODULES = YES;
				CLANG_ENABLE_OBJC_ARC = YES;
				CLANG_ENABLE_OBJC_WEAK = YES;
				CLANG_WARN_BLOCK_CAPTURE_AUTORELEASING = YES;
				CLANG_WARN_BOOL_CONVERSION = YES;
				CLANG_WARN_COMMA = YES;
				CLANG_WARN_CONSTANT_CONVERSION = YES;
				CLANG_WARN_DEPRECATED_OBJC_IMPLEMENTATIONS = YES;
				CLANG_WARN_DIRECT_OBJC_ISA_USAGE = YES_ERROR;
				CLANG_WARN_DOCUMENTATION_COMMENTS = YES;
				CLANG_WARN_EMPTY_BODY = YES;
				CLANG_WARN_ENUM_CONVERSION = YES;
				CLANG_WARN_INFINITE_RECURSION = YES;
				CLANG_WARN_INT_CONVERSION = YES;
				CLANG_WARN_NON_LITERAL_NULL_CONVERSION = YES;
				CLANG_WARN_OBJC_IMPLICIT_RETAIN_SELF = YES;
				CLANG_WARN_OBJC_LITERAL_CONVERSION = YES;
				CLANG_WARN_OBJC_ROOT_CLASS = YES_ERROR;
				CLANG_WARN_QUOTED_INCLUDE_IN_FRAMEWORK_HEADER = YES;
				CLANG_WARN_RANGE_LOOP_ANALYSIS = YES;
				CLANG_WARN_STRICT_PROTOTYPES = YES;
				CLANG_WARN_SUSPICIOUS_MOVE = YES;
				CLANG_WARN_UNGUARDED_AVAILABILITY = YES_AGGRESSIVE;
				CLANG_WARN_UNREACHABLE_CODE = YES;
				CLANG_WARN__DUPLICATE_METHOD_MATCH = YES;
				COPY_PHASE_STRIP = NO;
				DEBUG_INFORMATION_FORMAT = "dwarf-with-dsym";
				ENABLE_NS_ASSERTIONS = NO;
				ENABLE_STRICT_OBJC_MSGSEND = YES;
				GCC_C_LANGUAGE_STANDARD = gnu11;
				GCC_NO_COMMON_BLOCKS = YES;
				GCC_WARN_64_TO_32_BIT_CONVERSION = YES;
				GCC_WARN_ABOUT_RETURN_TYPE = YES_ERROR;
				GCC_WARN_UNDECLARED_SELECTOR = YES;
				GCC_WARN_UNINITIALIZED_AUTOS = YES_AGGRESSIVE;
				GCC_WARN_UNUSED_FUNCTION = YES;
				GCC_WARN_UNUSED_VARIABLE = YES;
				IPHONEOS_DEPLOYMENT_TARGET = 16.4;
				MTL_ENABLE_DEBUG_INFO = NO;
				MTL_FAST_MATH = YES;
				SDKROOT = iphoneos;
				SWIFT_COMPILATION_MODE = wholemodule;
				SWIFT_OPTIMIZATION_LEVEL = "-O";
				VALIDATE_PRODUCT = YES;
			};
			name = Release;
		};
		DCC5B6742A5B32FC0087B9E0 /* Debug */ = {
			isa = XCBuildConfiguration;
			buildSettings = {
				ASSETCATALOG_COMPILER_APPICON_NAME = AppIcon;
				ASSETCATALOG_COMPILER_GLOBAL_ACCENT_COLOR_NAME = AccentColor;
				CODE_SIGN_STYLE = Automatic;
				CURRENT_PROJECT_VERSION = 1;
				DEVELOPMENT_TEAM = NVN42XWXC5;
				GENERATE_INFOPLIST_FILE = YES;
				INFOPLIST_FILE = ExpenseTracker/Info.plist;
				INFOPLIST_KEY_UIApplicationSupportsIndirectInputEvents = YES;
				INFOPLIST_KEY_UILaunchStoryboardName = LaunchScreen;
				INFOPLIST_KEY_UIMainStoryboardFile = Main;
				INFOPLIST_KEY_UISupportedInterfaceOrientations_iPad = "UIInterfaceOrientationPortrait UIInterfaceOrientationPortraitUpsideDown UIInterfaceOrientationLandscapeLeft UIInterfaceOrientationLandscapeRight";
				INFOPLIST_KEY_UISupportedInterfaceOrientations_iPhone = "UIInterfaceOrientationPortrait UIInterfaceOrientationLandscapeLeft UIInterfaceOrientationLandscapeRight";
				LD_RUNPATH_SEARCH_PATHS = (
					"$(inherited)",
					"@executable_path/Frameworks",
				);
				MARKETING_VERSION = 1.0;
				PRODUCT_BUNDLE_IDENTIFIER = com.furkanerzurumlu.ExpenseTracker;
				PRODUCT_NAME = "$(TARGET_NAME)";
				SWIFT_EMIT_LOC_STRINGS = YES;
				SWIFT_VERSION = 5.0;
				TARGETED_DEVICE_FAMILY = "1,2";
			};
			name = Debug;
		};
		DCC5B6752A5B32FC0087B9E0 /* Release */ = {
			isa = XCBuildConfiguration;
			buildSettings = {
				ASSETCATALOG_COMPILER_APPICON_NAME = AppIcon;
				ASSETCATALOG_COMPILER_GLOBAL_ACCENT_COLOR_NAME = AccentColor;
				CODE_SIGN_STYLE = Automatic;
				CURRENT_PROJECT_VERSION = 1;
				DEVELOPMENT_TEAM = NVN42XWXC5;
				GENERATE_INFOPLIST_FILE = YES;
				INFOPLIST_FILE = ExpenseTracker/Info.plist;
				INFOPLIST_KEY_UIApplicationSupportsIndirectInputEvents = YES;
				INFOPLIST_KEY_UILaunchStoryboardName = LaunchScreen;
				INFOPLIST_KEY_UIMainStoryboardFile = Main;
				INFOPLIST_KEY_UISupportedInterfaceOrientations_iPad = "UIInterfaceOrientationPortrait UIInterfaceOrientationPortraitUpsideDown UIInterfaceOrientationLandscapeLeft UIInterfaceOrientationLandscapeRight";
				INFOPLIST_KEY_UISupportedInterfaceOrientations_iPhone = "UIInterfaceOrientationPortrait UIInterfaceOrientationLandscapeLeft UIInterfaceOrientationLandscapeRight";
				LD_RUNPATH_SEARCH_PATHS = (
					"$(inherited)",
					"@executable_path/Frameworks",
				);
				MARKETING_VERSION = 1.0;
				PRODUCT_BUNDLE_IDENTIFIER = com.furkanerzurumlu.ExpenseTracker;
				PRODUCT_NAME = "$(TARGET_NAME)";
				SWIFT_EMIT_LOC_STRINGS = YES;
				SWIFT_VERSION = 5.0;
				TARGETED_DEVICE_FAMILY = "1,2";
			};
			name = Release;
		};
		DCC5B6772A5B32FC0087B9E0 /* Debug */ = {
			isa = XCBuildConfiguration;
			buildSettings = {
				ALWAYS_EMBED_SWIFT_STANDARD_LIBRARIES = YES;
				BUNDLE_LOADER = "$(TEST_HOST)";
				CODE_SIGN_STYLE = Automatic;
				CURRENT_PROJECT_VERSION = 1;
				DEVELOPMENT_TEAM = NVN42XWXC5;
				GENERATE_INFOPLIST_FILE = YES;
				IPHONEOS_DEPLOYMENT_TARGET = 16.4;
				MARKETING_VERSION = 1.0;
				PRODUCT_BUNDLE_IDENTIFIER = com.furkanerzurumlu.ExpenseTrackerTests;
				PRODUCT_NAME = "$(TARGET_NAME)";
				SWIFT_EMIT_LOC_STRINGS = NO;
				SWIFT_VERSION = 5.0;
				TARGETED_DEVICE_FAMILY = "1,2";
				TEST_HOST = "$(BUILT_PRODUCTS_DIR)/ExpenseTracker.app/$(BUNDLE_EXECUTABLE_FOLDER_PATH)/ExpenseTracker";
			};
			name = Debug;
		};
		DCC5B6782A5B32FC0087B9E0 /* Release */ = {
			isa = XCBuildConfiguration;
			buildSettings = {
				ALWAYS_EMBED_SWIFT_STANDARD_LIBRARIES = YES;
				BUNDLE_LOADER = "$(TEST_HOST)";
				CODE_SIGN_STYLE = Automatic;
				CURRENT_PROJECT_VERSION = 1;
				DEVELOPMENT_TEAM = NVN42XWXC5;
				GENERATE_INFOPLIST_FILE = YES;
				IPHONEOS_DEPLOYMENT_TARGET = 16.4;
				MARKETING_VERSION = 1.0;
				PRODUCT_BUNDLE_IDENTIFIER = com.furkanerzurumlu.ExpenseTrackerTests;
				PRODUCT_NAME = "$(TARGET_NAME)";
				SWIFT_EMIT_LOC_STRINGS = NO;
				SWIFT_VERSION = 5.0;
				TARGETED_DEVICE_FAMILY = "1,2";
				TEST_HOST = "$(BUILT_PRODUCTS_DIR)/ExpenseTracker.app/$(BUNDLE_EXECUTABLE_FOLDER_PATH)/ExpenseTracker";
			};
			name = Release;
		};
		DCC5B67A2A5B32FC0087B9E0 /* Debug */ = {
			isa = XCBuildConfiguration;
			buildSettings = {
				ALWAYS_EMBED_SWIFT_STANDARD_LIBRARIES = YES;
				CODE_SIGN_STYLE = Automatic;
				CURRENT_PROJECT_VERSION = 1;
				DEVELOPMENT_TEAM = NVN42XWXC5;
				GENERATE_INFOPLIST_FILE = YES;
				MARKETING_VERSION = 1.0;
				PRODUCT_BUNDLE_IDENTIFIER = com.furkanerzurumlu.ExpenseTrackerUITests;
				PRODUCT_NAME = "$(TARGET_NAME)";
				SWIFT_EMIT_LOC_STRINGS = NO;
				SWIFT_VERSION = 5.0;
				TARGETED_DEVICE_FAMILY = "1,2";
				TEST_TARGET_NAME = ExpenseTracker;
			};
			name = Debug;
		};
		DCC5B67B2A5B32FC0087B9E0 /* Release */ = {
			isa = XCBuildConfiguration;
			buildSettings = {
				ALWAYS_EMBED_SWIFT_STANDARD_LIBRARIES = YES;
				CODE_SIGN_STYLE = Automatic;
				CURRENT_PROJECT_VERSION = 1;
				DEVELOPMENT_TEAM = NVN42XWXC5;
				GENERATE_INFOPLIST_FILE = YES;
				MARKETING_VERSION = 1.0;
				PRODUCT_BUNDLE_IDENTIFIER = com.furkanerzurumlu.ExpenseTrackerUITests;
				PRODUCT_NAME = "$(TARGET_NAME)";
				SWIFT_EMIT_LOC_STRINGS = NO;
				SWIFT_VERSION = 5.0;
				TARGETED_DEVICE_FAMILY = "1,2";
				TEST_TARGET_NAME = ExpenseTracker;
			};
			name = Release;
		};
/* End XCBuildConfiguration section */

/* Begin XCConfigurationList section */
		DCC5B6412A5B32FB0087B9E0 /* Build configuration list for PBXProject "ExpenseTracker" */ = {
			isa = XCConfigurationList;
			buildConfigurations = (
				DCC5B6712A5B32FC0087B9E0 /* Debug */,
				DCC5B6722A5B32FC0087B9E0 /* Release */,
			);
			defaultConfigurationIsVisible = 0;
			defaultConfigurationName = Release;
		};
		DCC5B6732A5B32FC0087B9E0 /* Build configuration list for PBXNativeTarget "ExpenseTracker" */ = {
			isa = XCConfigurationList;
			buildConfigurations = (
				DCC5B6742A5B32FC0087B9E0 /* Debug */,
				DCC5B6752A5B32FC0087B9E0 /* Release */,
			);
			defaultConfigurationIsVisible = 0;
			defaultConfigurationName = Release;
		};
		DCC5B6762A5B32FC0087B9E0 /* Build configuration list for PBXNativeTarget "ExpenseTrackerTests" */ = {
			isa = XCConfigurationList;
			buildConfigurations = (
				DCC5B6772A5B32FC0087B9E0 /* Debug */,
				DCC5B6782A5B32FC0087B9E0 /* Release */,
			);
			defaultConfigurationIsVisible = 0;
			defaultConfigurationName = Release;
		};
		DCC5B6792A5B32FC0087B9E0 /* Build configuration list for PBXNativeTarget "ExpenseTrackerUITests" */ = {
			isa = XCConfigurationList;
			buildConfigurations = (
				DCC5B67A2A5B32FC0087B9E0 /* Debug */,
				DCC5B67B2A5B32FC0087B9E0 /* Release */,
			);
			defaultConfigurationIsVisible = 0;
			defaultConfigurationName = Release;
		};
/* End XCConfigurationList section */

/* Begin XCVersionGroup section */
		DCC5B6522A5B32FB0087B9E0 /* ExpenseTracker.xcdatamodeld */ = {
			isa = XCVersionGroup;
			children = (
				DCC5B6532A5B32FB0087B9E0 /* ExpenseTracker.xcdatamodel */,
			);
			currentVersion = DCC5B6532A5B32FB0087B9E0 /* ExpenseTracker.xcdatamodel */;
			path = ExpenseTracker.xcdatamodeld;
			sourceTree = "<group>";
			versionGroupType = wrapper.xcdatamodel;
		};
/* End XCVersionGroup section */
	};
	rootObject = DCC5B63E2A5B32FB0087B9E0 /* Project object */;
}
